
Microsoft Visual Studio Solution File, Format Version 12.00
# Visual Studio 15
VisualStudioVersion = 15.0.26730.15
MinimumVisualStudioVersion = 10.0.40219.1
Project("{FAE04EC0-301F-11D3-BF4B-00C04F79EFBC}") = "ProductCatalog", "ProductCatalog\ProductCatalog.csproj", "{FC8CF15A-82D7-4E53-B5CE-1C0AA5477EF3}"
EndProject
Global
	GlobalSection(SolutionConfigurationPlatforms) = preSolution
		Debug|Any CPU = Debug|Any CPU
		Release|Any CPU = Release|Any CPU
	EndGlobalSection
	GlobalSection(ProjectConfigurationPlatforms) = postSolution
		{FC8CF15A-82D7-4E53-B5CE-1C0AA5477EF3}.Debug|Any CPU.ActiveCfg = Debug|Any CPU
		{FC8CF15A-82D7-4E53-B5CE-1C0AA5477EF3}.Debug|Any CPU.Build.0 = Debug|Any CPU
		{FC8CF15A-82D7-4E53-B5CE-1C0AA5477EF3}.Release|Any CPU.ActiveCfg = Release|Any CPU
		{FC8CF15A-82D7-4E53-B5CE-1C0AA5477EF3}.Release|Any CPU.Build.0 = Release|Any CPU
	EndGlobalSection
	GlobalSection(SolutionProperties) = preSolution
		HideSolutionNode = FALSE
	EndGlobalSection
	GlobalSection(ExtensibilityGlobals) = postSolution
		SolutionGuid = {39270D0B-600D-434B-AE79-FEAE763DFD7B}
	EndGlobalSection
EndGlobal
